
Microsoft Visual Studio Solution File, Format Version 11.00
# Visual C++ Express 2010
Project("{8BC9CEB8-8B4A-11D0-8D11-00A0C91BC942}") = "Router", "Router\Router.vcxproj", "{EF273096-3CA9-4736-B240-F08055F953D3}"
EndProject
Global
	GlobalSection(SolutionConfigurationPlatforms) = preSolution
		Debug|Pokus = Debug|Pokus
		Debug|Win32 = Debug|Win32
		Release|Pokus = Release|Pokus
		Release|Win32 = Release|Win32
	EndGlobalSection
	GlobalSection(ProjectConfigurationPlatforms) = postSolution
		{EF273096-3CA9-4736-B240-F08055F953D3}.Debug|Pokus.ActiveCfg = Debug|Win32
		{EF273096-3CA9-4736-B240-F08055F953D3}.Debug|Pokus.Build.0 = Debug|Win32
		{EF273096-3CA9-4736-B240-F08055F953D3}.Debug|Win32.ActiveCfg = Debug|Win32
		{EF273096-3CA9-4736-B240-F08055F953D3}.Debug|Win32.Build.0 = Debug|Win32
		{EF273096-3CA9-4736-B240-F08055F953D3}.Release|Pokus.ActiveCfg = Release|Win32
		{EF273096-3CA9-4736-B240-F08055F953D3}.Release|Pokus.Build.0 = Release|Win32
		{EF273096-3CA9-4736-B240-F08055F953D3}.Release|Win32.ActiveCfg = Release|Win32
		{EF273096-3CA9-4736-B240-F08055F953D3}.Release|Win32.Build.0 = Release|Win32
	EndGlobalSection
	GlobalSection(SolutionProperties) = preSolution
		HideSolutionNode = FALSE
	EndGlobalSection
EndGlobal
